// !$*UTF8*$!
{
	archiveVersion = 1;
	classes = {
	};
	objectVersion = 46;
	objects = {

/* Begin PBXBuildFile section */
		1D0D95641DA65BBF00E339E5 /* AppDelegate.swift in Sources */ = {isa = PBXBuildFile; fileRef = 1D0D95631DA65BBF00E339E5 /* AppDelegate.swift */; };
		1D0D95661DA65BBF00E339E5 /* MenuViewController.swift in Sources */ = {isa = PBXBuildFile; fileRef = 1D0D95651DA65BBF00E339E5 /* MenuViewController.swift */; };
		1D0D95691DA65BBF00E339E5 /* Main.storyboard in Resources */ = {isa = PBXBuildFile; fileRef = 1D0D95671DA65BBF00E339E5 /* Main.storyboard */; };
		1D0D956B1DA65BBF00E339E5 /* Assets.xcassets in Resources */ = {isa = PBXBuildFile; fileRef = 1D0D956A1DA65BBF00E339E5 /* Assets.xcassets */; };
		1D0D956E1DA65BBF00E339E5 /* LaunchScreen.storyboard in Resources */ = {isa = PBXBuildFile; fileRef = 1D0D956C1DA65BBF00E339E5 /* LaunchScreen.storyboard */; };
		1D0D95761DA6605500E339E5 /* InfoViewController.swift in Sources */ = {isa = PBXBuildFile; fileRef = 1D0D95751DA6605500E339E5 /* InfoViewController.swift */; };
		1D0D95781DA6684400E339E5 /* KarttaViewController.swift in Sources */ = {isa = PBXBuildFile; fileRef = 1D0D95771DA6684400E339E5 /* KarttaViewController.swift */; };
		1D585F3B1DC21106005156FB /* DraggableImage.swift in Sources */ = {isa = PBXBuildFile; fileRef = 1D585F3A1DC21106005156FB /* DraggableImage.swift */; };
		1DD5DF391DDDB635001FD1D8 /* oikein.wav in Resources */ = {isa = PBXBuildFile; fileRef = 1DD5DF321DDDB635001FD1D8 /* oikein.wav */; };
		1DD5DF3B1DDDB635001FD1D8 /* glock.wav in Resources */ = {isa = PBXBuildFile; fileRef = 1DD5DF341DDDB635001FD1D8 /* glock.wav */; };
		1DD5DF3C1DDDB635001FD1D8 /* vaarin.wav in Resources */ = {isa = PBXBuildFile; fileRef = 1DD5DF351DDDB635001FD1D8 /* vaarin.wav */; };
		1DD5DF3E1DDDB635001FD1D8 /* takaisin.wav in Resources */ = {isa = PBXBuildFile; fileRef = 1DD5DF371DDDB635001FD1D8 /* takaisin.wav */; };
		1DD5DF3F1DDDB635001FD1D8 /* nappula.wav in Resources */ = {isa = PBXBuildFile; fileRef = 1DD5DF381DDDB635001FD1D8 /* nappula.wav */; };
		CF0B79251DEA2684008A550D /* Pulma1ViewController.swift in Sources */ = {isa = PBXBuildFile; fileRef = CF0B79241DEA2684008A550D /* Pulma1ViewController.swift */; };
		CF102DD11DEF7D56006375F2 /* DefaultsManager.swift in Sources */ = {isa = PBXBuildFile; fileRef = CF102DD01DEF7D56006375F2 /* DefaultsManager.swift */; };
		CF601C141DEF61EB003411F6 /* AudioManager.swift in Sources */ = {isa = PBXBuildFile; fileRef = CF601C131DEF61EB003411F6 /* AudioManager.swift */; };
/* End PBXBuildFile section */

/* Begin PBXFileReference section */
		1D0D95601DA65BBE00E339E5 /* KirjaApp.app */ = {isa = PBXFileReference; explicitFileType = wrapper.application; includeInIndex = 0; path = KirjaApp.app; sourceTree = BUILT_PRODUCTS_DIR; };
		1D0D95631DA65BBF00E339E5 /* AppDelegate.swift */ = {isa = PBXFileReference; lastKnownFileType = sourcecode.swift; path = AppDelegate.swift; sourceTree = "<group>"; };
		1D0D95651DA65BBF00E339E5 /* MenuViewController.swift */ = {isa = PBXFileReference; lastKnownFileType = sourcecode.swift; path = MenuViewController.swift; sourceTree = "<group>"; };
		1D0D95681DA65BBF00E339E5 /* Base */ = {isa = PBXFileReference; lastKnownFileType = file.storyboard; name = Base; path = Base.lproj/Main.storyboard; sourceTree = "<group>"; };
		1D0D956A1DA65BBF00E339E5 /* Assets.xcassets */ = {isa = PBXFileReference; lastKnownFileType = folder.assetcatalog; path = Assets.xcassets; sourceTree = "<group>"; };
		1D0D956D1DA65BBF00E339E5 /* Base */ = {isa = PBXFileReference; lastKnownFileType = file.storyboard; name = Base; path = Base.lproj/LaunchScreen.storyboard; sourceTree = "<group>"; };
		1D0D956F1DA65BBF00E339E5 /* Info.plist */ = {isa = PBXFileReference; lastKnownFileType = text.plist.xml; path = Info.plist; sourceTree = "<group>"; };
		1D0D95751DA6605500E339E5 /* InfoViewController.swift */ = {isa = PBXFileReference; fileEncoding = 4; lastKnownFileType = sourcecode.swift; path = InfoViewController.swift; sourceTree = "<group>"; };
		1D0D95771DA6684400E339E5 /* KarttaViewController.swift */ = {isa = PBXFileReference; fileEncoding = 4; lastKnownFileType = sourcecode.swift; path = KarttaViewController.swift; sourceTree = "<group>"; };
		1D585F3A1DC21106005156FB /* DraggableImage.swift */ = {isa = PBXFileReference; fileEncoding = 4; lastKnownFileType = sourcecode.swift; path = DraggableImage.swift; sourceTree = "<group>"; };
		1DD5DF321DDDB635001FD1D8 /* oikein.wav */ = {isa = PBXFileReference; lastKnownFileType = audio.wav; path = oikein.wav; sourceTree = "<group>"; };
		1DD5DF341DDDB635001FD1D8 /* glock.wav */ = {isa = PBXFileReference; lastKnownFileType = audio.wav; path = glock.wav; sourceTree = "<group>"; };
		1DD5DF351DDDB635001FD1D8 /* vaarin.wav */ = {isa = PBXFileReference; lastKnownFileType = audio.wav; path = vaarin.wav; sourceTree = "<group>"; };
		1DD5DF371DDDB635001FD1D8 /* takaisin.wav */ = {isa = PBXFileReference; lastKnownFileType = audio.wav; path = takaisin.wav; sourceTree = "<group>"; };
		1DD5DF381DDDB635001FD1D8 /* nappula.wav */ = {isa = PBXFileReference; lastKnownFileType = audio.wav; path = nappula.wav; sourceTree = "<group>"; };
		CF0B79241DEA2684008A550D /* Pulma1ViewController.swift */ = {isa = PBXFileReference; fileEncoding = 4; lastKnownFileType = sourcecode.swift; path = Pulma1ViewController.swift; sourceTree = "<group>"; };
		CF102DD01DEF7D56006375F2 /* DefaultsManager.swift */ = {isa = PBXFileReference; fileEncoding = 4; lastKnownFileType = sourcecode.swift; path = DefaultsManager.swift; sourceTree = "<group>"; };
		CF601C131DEF61EB003411F6 /* AudioManager.swift */ = {isa = PBXFileReference; fileEncoding = 4; lastKnownFileType = sourcecode.swift; path = AudioManager.swift; sourceTree = "<group>"; };
/* End PBXFileReference section */

/* Begin PBXFrameworksBuildPhase section */
		1D0D955D1DA65BBE00E339E5 /* Frameworks */ = {
			isa = PBXFrameworksBuildPhase;
			buildActionMask = 2147483647;
			files = (
			);
			runOnlyForDeploymentPostprocessing = 0;
		};
/* End PBXFrameworksBuildPhase section */

/* Begin PBXGroup section */
		1D0D95571DA65BBE00E339E5 = {
			isa = PBXGroup;
			children = (
				1D0D95621DA65BBF00E339E5 /* KirjaApp */,
				1D0D95611DA65BBE00E339E5 /* Products */,
			);
			sourceTree = "<group>";
		};
		1D0D95611DA65BBE00E339E5 /* Products */ = {
			isa = PBXGroup;
			children = (
				1D0D95601DA65BBE00E339E5 /* KirjaApp.app */,
			);
			name = Products;
			sourceTree = "<group>";
		};
		1D0D95621DA65BBF00E339E5 /* KirjaApp */ = {
			isa = PBXGroup;
			children = (
				CF102DCF1DEF7D42006375F2 /* Model */,
				CF601C151DEF6D77003411F6 /* Controller */,
				CF601C171DEF6DA5003411F6 /* View */,
				CF601C161DEF6D96003411F6 /* Services */,
				1DD5DF311DDDB61A001FD1D8 /* Sounds */,
				CF601C181DEF7219003411F6 /* Resources */,
			);
			path = KirjaApp;
			sourceTree = "<group>";
		};
		1DD5DF311DDDB61A001FD1D8 /* Sounds */ = {
			isa = PBXGroup;
			children = (
				1DD5DF321DDDB635001FD1D8 /* oikein.wav */,
				1DD5DF341DDDB635001FD1D8 /* glock.wav */,
				1DD5DF351DDDB635001FD1D8 /* vaarin.wav */,
				1DD5DF371DDDB635001FD1D8 /* takaisin.wav */,
				1DD5DF381DDDB635001FD1D8 /* nappula.wav */,
			);
			name = Sounds;
			sourceTree = "<group>";
		};
		CF102DCF1DEF7D42006375F2 /* Model */ = {
			isa = PBXGroup;
			children = (
				CF102DD01DEF7D56006375F2 /* DefaultsManager.swift */,
			);
			name = Model;
			sourceTree = "<group>";
		};
		CF601C151DEF6D77003411F6 /* Controller */ = {
			isa = PBXGroup;
			children = (
				1D0D95651DA65BBF00E339E5 /* MenuViewController.swift */,
				1D0D95771DA6684400E339E5 /* KarttaViewController.swift */,
				1D0D95751DA6605500E339E5 /* InfoViewController.swift */,
				CF0B79241DEA2684008A550D /* Pulma1ViewController.swift */,
			);
			name = Controller;
			sourceTree = "<group>";
		};
		CF601C161DEF6D96003411F6 /* Services */ = {
			isa = PBXGroup;
			children = (
				1D585F3A1DC21106005156FB /* DraggableImage.swift */,
				CF601C131DEF61EB003411F6 /* AudioManager.swift */,
			);
			name = Services;
			sourceTree = "<group>";
		};
		CF601C171DEF6DA5003411F6 /* View */ = {
			isa = PBXGroup;
			children = (
				1D0D95671DA65BBF00E339E5 /* Main.storyboard */,
				1D0D956C1DA65BBF00E339E5 /* LaunchScreen.storyboard */,
			);
			name = View;
			sourceTree = "<group>";
		};
		CF601C181DEF7219003411F6 /* Resources */ = {
			isa = PBXGroup;
			children = (
				1D0D956F1DA65BBF00E339E5 /* Info.plist */,
				1D0D95631DA65BBF00E339E5 /* AppDelegate.swift */,
				1D0D956A1DA65BBF00E339E5 /* Assets.xcassets */,
			);
			name = Resources;
			sourceTree = "<group>";
		};
/* End PBXGroup section */

/* Begin PBXNativeTarget section */
		1D0D955F1DA65BBE00E339E5 /* KirjaApp */ = {
			isa = PBXNativeTarget;
			buildConfigurationList = 1D0D95721DA65BBF00E339E5 /* Build configuration list for PBXNativeTarget "KirjaApp" */;
			buildPhases = (
				1D0D955C1DA65BBE00E339E5 /* Sources */,
				1D0D955D1DA65BBE00E339E5 /* Frameworks */,
				1D0D955E1DA65BBE00E339E5 /* Resources */,
			);
			buildRules = (
			);
			dependencies = (
			);
			name = KirjaApp;
			productName = KirjaApp;
			productReference = 1D0D95601DA65BBE00E339E5 /* KirjaApp.app */;
			productType = "com.apple.product-type.application";
		};
/* End PBXNativeTarget section */

/* Begin PBXProject section */
		1D0D95581DA65BBE00E339E5 /* Project object */ = {
			isa = PBXProject;
			attributes = {
				LastSwiftUpdateCheck = 0730;
				LastUpgradeCheck = 0800;
				ORGANIZATIONNAME = "Ronja Haarte";
				TargetAttributes = {
					1D0D955F1DA65BBE00E339E5 = {
						CreatedOnToolsVersion = 7.3.1;
						DevelopmentTeam = WNU245KFYF;
						LastSwiftMigration = 0800;
					};
				};
			};
			buildConfigurationList = 1D0D955B1DA65BBE00E339E5 /* Build configuration list for PBXProject "KirjaApp" */;
			compatibilityVersion = "Xcode 3.2";
			developmentRegion = English;
			hasScannedForEncodings = 0;
			knownRegions = (
				en,
				Base,
			);
			mainGroup = 1D0D95571DA65BBE00E339E5;
			productRefGroup = 1D0D95611DA65BBE00E339E5 /* Products */;
			projectDirPath = "";
			projectRoot = "";
			targets = (
				1D0D955F1DA65BBE00E339E5 /* KirjaApp */,
			);
		};
/* End PBXProject section */

/* Begin PBXResourcesBuildPhase section */
		1D0D955E1DA65BBE00E339E5 /* Resources */ = {
			isa = PBXResourcesBuildPhase;
			buildActionMask = 2147483647;
			files = (
				1D0D956E1DA65BBF00E339E5 /* LaunchScreen.storyboard in Resources */,
				1DD5DF3B1DDDB635001FD1D8 /* glock.wav in Resources */,
				1D0D956B1DA65BBF00E339E5 /* Assets.xcassets in Resources */,
				1DD5DF3F1DDDB635001FD1D8 /* nappula.wav in Resources */,
				1D0D95691DA65BBF00E339E5 /* Main.storyboard in Resources */,
				1DD5DF3E1DDDB635001FD1D8 /* takaisin.wav in Resources */,
				1DD5DF391DDDB635001FD1D8 /* oikein.wav in Resources */,
				1DD5DF3C1DDDB635001FD1D8 /* vaarin.wav in Resources */,
			);
			runOnlyForDeploymentPostprocessing = 0;
		};
/* End PBXResourcesBuildPhase section */

/* Begin PBXSourcesBuildPhase section */
		1D0D955C1DA65BBE00E339E5 /* Sources */ = {
			isa = PBXSourcesBuildPhase;
			buildActionMask = 2147483647;
			files = (
				CF0B79251DEA2684008A550D /* Pulma1ViewController.swift in Sources */,
				1D0D95661DA65BBF00E339E5 /* MenuViewController.swift in Sources */,
				1D0D95781DA6684400E339E5 /* KarttaViewController.swift in Sources */,
				1D0D95761DA6605500E339E5 /* InfoViewController.swift in Sources */,
				1D585F3B1DC21106005156FB /* DraggableImage.swift in Sources */,
				CF601C141DEF61EB003411F6 /* AudioManager.swift in Sources */,
				CF102DD11DEF7D56006375F2 /* DefaultsManager.swift in Sources */,
				1D0D95641DA65BBF00E339E5 /* AppDelegate.swift in Sources */,
			);
			runOnlyForDeploymentPostprocessing = 0;
		};
/* End PBXSourcesBuildPhase section */

/* Begin PBXVariantGroup section */
		1D0D95671DA65BBF00E339E5 /* Main.storyboard */ = {
			isa = PBXVariantGroup;
			children = (
				1D0D95681DA65BBF00E339E5 /* Base */,
			);
			name = Main.storyboard;
			sourceTree = "<group>";
		};
		1D0D956C1DA65BBF00E339E5 /* LaunchScreen.storyboard */ = {
			isa = PBXVariantGroup;
			children = (
				1D0D956D1DA65BBF00E339E5 /* Base */,
			);
			name = LaunchScreen.storyboard;
			sourceTree = "<group>";
		};
/* End PBXVariantGroup section */

/* Begin XCBuildConfiguration section */
		1D0D95701DA65BBF00E339E5 /* Debug */ = {
			isa = XCBuildConfiguration;
			buildSettings = {
				ALWAYS_SEARCH_USER_PATHS = NO;
				CLANG_ANALYZER_NONNULL = YES;
				CLANG_CXX_LANGUAGE_STANDARD = "gnu++0x";
				CLANG_CXX_LIBRARY = "libc++";
				CLANG_ENABLE_MODULES = YES;
				CLANG_ENABLE_OBJC_ARC = YES;
				CLANG_WARN_BOOL_CONVERSION = YES;
				CLANG_WARN_CONSTANT_CONVERSION = YES;
				CLANG_WARN_DIRECT_OBJC_ISA_USAGE = YES_ERROR;
				CLANG_WARN_EMPTY_BODY = YES;
				CLANG_WARN_ENUM_CONVERSION = YES;
				CLANG_WARN_INFINITE_RECURSION = YES;
				CLANG_WARN_INT_CONVERSION = YES;
				CLANG_WARN_OBJC_ROOT_CLASS = YES_ERROR;
				CLANG_WARN_SUSPICIOUS_MOVE = YES;
				CLANG_WARN_UNREACHABLE_CODE = YES;
				CLANG_WARN__DUPLICATE_METHOD_MATCH = YES;
				"CODE_SIGN_IDENTITY[sdk=iphoneos*]" = "iPhone Developer";
				COPY_PHASE_STRIP = NO;
				DEBUG_INFORMATION_FORMAT = dwarf;
				ENABLE_STRICT_OBJC_MSGSEND = YES;
				ENABLE_TESTABILITY = YES;
				GCC_C_LANGUAGE_STANDARD = gnu99;
				GCC_DYNAMIC_NO_PIC = NO;
				GCC_NO_COMMON_BLOCKS = YES;
				GCC_OPTIMIZATION_LEVEL = 0;
				GCC_PREPROCESSOR_DEFINITIONS = (
					"DEBUG=1",
					"$(inherited)",
				);
				GCC_WARN_64_TO_32_BIT_CONVERSION = YES;
				GCC_WARN_ABOUT_RETURN_TYPE = YES_ERROR;
				GCC_WARN_UNDECLARED_SELECTOR = YES;
				GCC_WARN_UNINITIALIZED_AUTOS = YES_AGGRESSIVE;
				GCC_WARN_UNUSED_FUNCTION = YES;
				GCC_WARN_UNUSED_VARIABLE = YES;
				IPHONEOS_DEPLOYMENT_TARGET = 9.3;
				MTL_ENABLE_DEBUG_INFO = YES;
				ONLY_ACTIVE_ARCH = YES;
				SDKROOT = iphoneos;
				SWIFT_OPTIMIZATION_LEVEL = "-Onone";
				TARGETED_DEVICE_FAMILY = "1,2";
			};
			name = Debug;
		};
		1D0D95711DA65BBF00E339E5 /* Release */ = {
			isa = XCBuildConfiguration;
			buildSettings = {
				ALWAYS_SEARCH_USER_PATHS = NO;
				CLANG_ANALYZER_NONNULL = YES;
				CLANG_CXX_LANGUAGE_STANDARD = "gnu++0x";
				CLANG_CXX_LIBRARY = "libc++";
				CLANG_ENABLE_MODULES = YES;
				CLANG_ENABLE_OBJC_ARC = YES;
				CLANG_WARN_BOOL_CONVERSION = YES;
				CLANG_WARN_CONSTANT_CONVERSION = YES;
				CLANG_WARN_DIRECT_OBJC_ISA_USAGE = YES_ERROR;
				CLANG_WARN_EMPTY_BODY = YES;
				CLANG_WARN_ENUM_CONVERSION = YES;
				CLANG_WARN_INFINITE_RECURSION = YES;
				CLANG_WARN_INT_CONVERSION = YES;
				CLANG_WARN_OBJC_ROOT_CLASS = YES_ERROR;
				CLANG_WARN_SUSPICIOUS_MOVE = YES;
				CLANG_WARN_UNREACHABLE_CODE = YES;
				CLANG_WARN__DUPLICATE_METHOD_MATCH = YES;
				"CODE_SIGN_IDENTITY[sdk=iphoneos*]" = "iPhone Developer";
				COPY_PHASE_STRIP = NO;
				DEBUG_INFORMATION_FORMAT = "dwarf-with-dsym";
				ENABLE_NS_ASSERTIONS = NO;
				ENABLE_STRICT_OBJC_MSGSEND = YES;
				GCC_C_LANGUAGE_STANDARD = gnu99;
				GCC_NO_COMMON_BLOCKS = YES;
				GCC_WARN_64_TO_32_BIT_CONVERSION = YES;
				GCC_WARN_ABOUT_RETURN_TYPE = YES_ERROR;
				GCC_WARN_UNDECLARED_SELECTOR = YES;
				GCC_WARN_UNINITIALIZED_AUTOS = YES_AGGRESSIVE;
				GCC_WARN_UNUSED_FUNCTION = YES;
				GCC_WARN_UNUSED_VARIABLE = YES;
				IPHONEOS_DEPLOYMENT_TARGET = 9.3;
				MTL_ENABLE_DEBUG_INFO = NO;
				SDKROOT = iphoneos;
				SWIFT_OPTIMIZATION_LEVEL = "-Owholemodule";
				TARGETED_DEVICE_FAMILY = "1,2";
				VALIDATE_PRODUCT = YES;
			};
			name = Release;
		};
		1D0D95731DA65BBF00E339E5 /* Debug */ = {
			isa = XCBuildConfiguration;
			buildSettings = {
				ASSETCATALOG_COMPILER_APPICON_NAME = AppIcon;
				DEVELOPMENT_TEAM = WNU245KFYF;
				INFOPLIST_FILE = KirjaApp/Info.plist;
				LD_RUNPATH_SEARCH_PATHS = "$(inherited) @executable_path/Frameworks";
				PRODUCT_BUNDLE_IDENTIFIER = com.ronjahaarte.KirjaApp;
				PRODUCT_NAME = "$(TARGET_NAME)";
				SWIFT_VERSION = 3.0;
				TARGETED_DEVICE_FAMILY = 2;
			};
			name = Debug;
		};
		1D0D95741DA65BBF00E339E5 /* Release */ = {
			isa = XCBuildConfiguration;
			buildSettings = {
				ASSETCATALOG_COMPILER_APPICON_NAME = AppIcon;
				DEVELOPMENT_TEAM = WNU245KFYF;
				INFOPLIST_FILE = KirjaApp/Info.plist;
				LD_RUNPATH_SEARCH_PATHS = "$(inherited) @executable_path/Frameworks";
				PRODUCT_BUNDLE_IDENTIFIER = com.ronjahaarte.KirjaApp;
				PRODUCT_NAME = "$(TARGET_NAME)";
				SWIFT_VERSION = 3.0;
				TARGETED_DEVICE_FAMILY = 2;
			};
			name = Release;
		};
/* End XCBuildConfiguration section */

/* Begin XCConfigurationList section */
		1D0D955B1DA65BBE00E339E5 /* Build configuration list for PBXProject "KirjaApp" */ = {
			isa = XCConfigurationList;
			buildConfigurations = (
				1D0D95701DA65BBF00E339E5 /* Debug */,
				1D0D95711DA65BBF00E339E5 /* Release */,
			);
			defaultConfigurationIsVisible = 0;
			defaultConfigurationName = Release;
		};
		1D0D95721DA65BBF00E339E5 /* Build configuration list for PBXNativeTarget "KirjaApp" */ = {
			isa = XCConfigurationList;
			buildConfigurations = (
				1D0D95731DA65BBF00E339E5 /* Debug */,
				1D0D95741DA65BBF00E339E5 /* Release */,
			);
			defaultConfigurationIsVisible = 0;
			defaultConfigurationName = Release;
		};
/* End XCConfigurationList section */
	};
	rootObject = 1D0D95581DA65BBE00E339E5 /* Project object */;
}
